// !$*UTF8*$!
{
	archiveVersion = 1;
	classes = {
	};
	objectVersion = 56;
	objects = {

/* Begin PBXBuildFile section */
		B4859B8029F40C5600B51A87 /* AppDelegate.swift in Sources */ = {isa = PBXBuildFile; fileRef = B4859B7F29F40C5600B51A87 /* AppDelegate.swift */; };
		B4859B8229F40C5600B51A87 /* SceneDelegate.swift in Sources */ = {isa = PBXBuildFile; fileRef = B4859B8129F40C5600B51A87 /* SceneDelegate.swift */; };
		B4859B8429F40C5600B51A87 /* ViewController.swift in Sources */ = {isa = PBXBuildFile; fileRef = B4859B8329F40C5600B51A87 /* ViewController.swift */; };
		B4859B8729F40C5600B51A87 /* Main.storyboard in Resources */ = {isa = PBXBuildFile; fileRef = B4859B8529F40C5600B51A87 /* Main.storyboard */; };
		B4859B8929F40C5600B51A87 /* Assets.xcassets in Resources */ = {isa = PBXBuildFile; fileRef = B4859B8829F40C5600B51A87 /* Assets.xcassets */; };
		B4859B8C29F40C5600B51A87 /* LaunchScreen.storyboard in Resources */ = {isa = PBXBuildFile; fileRef = B4859B8A29F40C5600B51A87 /* LaunchScreen.storyboard */; };
		B4859B9729F40C5700B51A87 /* KonteynerKentYonetimiTests.swift in Sources */ = {isa = PBXBuildFile; fileRef = B4859B9629F40C5700B51A87 /* KonteynerKentYonetimiTests.swift */; };
		B4859BA129F40C5700B51A87 /* KonteynerKentYonetimiUITests.swift in Sources */ = {isa = PBXBuildFile; fileRef = B4859BA029F40C5700B51A87 /* KonteynerKentYonetimiUITests.swift */; };
		B4859BA329F40C5700B51A87 /* KonteynerKentYonetimiUITestsLaunchTests.swift in Sources */ = {isa = PBXBuildFile; fileRef = B4859BA229F40C5700B51A87 /* KonteynerKentYonetimiUITestsLaunchTests.swift */; };
		B4859BB029F40E8600B51A87 /* GoogleService-Info.plist in Resources */ = {isa = PBXBuildFile; fileRef = B4859BAF29F40E8600B51A87 /* GoogleService-Info.plist */; };
		B4859BB329F40FBD00B51A87 /* FirebaseAnalytics in Frameworks */ = {isa = PBXBuildFile; productRef = B4859BB229F40FBD00B51A87 /* FirebaseAnalytics */; };
		B4859BB529F40FBD00B51A87 /* FirebaseAnalyticsSwift in Frameworks */ = {isa = PBXBuildFile; productRef = B4859BB429F40FBD00B51A87 /* FirebaseAnalyticsSwift */; };
		B4859BB729F40FBD00B51A87 /* FirebaseAuth in Frameworks */ = {isa = PBXBuildFile; productRef = B4859BB629F40FBD00B51A87 /* FirebaseAuth */; };
		B4859BB929F40FBD00B51A87 /* FirebaseCrashlytics in Frameworks */ = {isa = PBXBuildFile; productRef = B4859BB829F40FBD00B51A87 /* FirebaseCrashlytics */; };
		B4859BBB29F40FBD00B51A87 /* FirebaseFirestore in Frameworks */ = {isa = PBXBuildFile; productRef = B4859BBA29F40FBD00B51A87 /* FirebaseFirestore */; };
		B4859BBD29F40FBD00B51A87 /* FirebaseFirestoreCombine-Community in Frameworks */ = {isa = PBXBuildFile; productRef = B4859BBC29F40FBD00B51A87 /* FirebaseFirestoreCombine-Community */; };
		B4859BBF29F40FBD00B51A87 /* FirebaseFirestoreSwift in Frameworks */ = {isa = PBXBuildFile; productRef = B4859BBE29F40FBD00B51A87 /* FirebaseFirestoreSwift */; };
		B4859BC129F40FBD00B51A87 /* FirebaseStorage in Frameworks */ = {isa = PBXBuildFile; productRef = B4859BC029F40FBD00B51A87 /* FirebaseStorage */; };
		B4859BC329F40FBD00B51A87 /* FirebaseStorageCombine-Community in Frameworks */ = {isa = PBXBuildFile; productRef = B4859BC229F40FBD00B51A87 /* FirebaseStorageCombine-Community */; };
/* End PBXBuildFile section */

/* Begin PBXContainerItemProxy section */
		B4859B9329F40C5700B51A87 /* PBXContainerItemProxy */ = {
			isa = PBXContainerItemProxy;
			containerPortal = B4859B7429F40C5600B51A87 /* Project object */;
			proxyType = 1;
			remoteGlobalIDString = B4859B7B29F40C5600B51A87;
			remoteInfo = KonteynerKentYonetimi;
		};
		B4859B9D29F40C5700B51A87 /* PBXContainerItemProxy */ = {
			isa = PBXContainerItemProxy;
			containerPortal = B4859B7429F40C5600B51A87 /* Project object */;
			proxyType = 1;
			remoteGlobalIDString = B4859B7B29F40C5600B51A87;
			remoteInfo = KonteynerKentYonetimi;
		};
/* End PBXContainerItemProxy section */

/* Begin PBXFileReference section */
		B4859B7C29F40C5600B51A87 /* KonteynerKentYonetimi.app */ = {isa = PBXFileReference; explicitFileType = wrapper.application; includeInIndex = 0; path = KonteynerKentYonetimi.app; sourceTree = BUILT_PRODUCTS_DIR; };
		B4859B7F29F40C5600B51A87 /* AppDelegate.swift */ = {isa = PBXFileReference; lastKnownFileType = sourcecode.swift; path = AppDelegate.swift; sourceTree = "<group>"; };
		B4859B8129F40C5600B51A87 /* SceneDelegate.swift */ = {isa = PBXFileReference; lastKnownFileType = sourcecode.swift; path = SceneDelegate.swift; sourceTree = "<group>"; };
		B4859B8329F40C5600B51A87 /* ViewController.swift */ = {isa = PBXFileReference; lastKnownFileType = sourcecode.swift; path = ViewController.swift; sourceTree = "<group>"; };
		B4859B8629F40C5600B51A87 /* Base */ = {isa = PBXFileReference; lastKnownFileType = file.storyboard; name = Base; path = Base.lproj/Main.storyboard; sourceTree = "<group>"; };
		B4859B8829F40C5600B51A87 /* Assets.xcassets */ = {isa = PBXFileReference; lastKnownFileType = folder.assetcatalog; path = Assets.xcassets; sourceTree = "<group>"; };
		B4859B8B29F40C5600B51A87 /* Base */ = {isa = PBXFileReference; lastKnownFileType = file.storyboard; name = Base; path = Base.lproj/LaunchScreen.storyboard; sourceTree = "<group>"; };
		B4859B8D29F40C5600B51A87 /* Info.plist */ = {isa = PBXFileReference; lastKnownFileType = text.plist.xml; path = Info.plist; sourceTree = "<group>"; };
		B4859B9229F40C5700B51A87 /* KonteynerKentYonetimiTests.xctest */ = {isa = PBXFileReference; explicitFileType = wrapper.cfbundle; includeInIndex = 0; path = KonteynerKentYonetimiTests.xctest; sourceTree = BUILT_PRODUCTS_DIR; };
		B4859B9629F40C5700B51A87 /* KonteynerKentYonetimiTests.swift */ = {isa = PBXFileReference; lastKnownFileType = sourcecode.swift; path = KonteynerKentYonetimiTests.swift; sourceTree = "<group>"; };
		B4859B9C29F40C5700B51A87 /* KonteynerKentYonetimiUITests.xctest */ = {isa = PBXFileReference; explicitFileType = wrapper.cfbundle; includeInIndex = 0; path = KonteynerKentYonetimiUITests.xctest; sourceTree = BUILT_PRODUCTS_DIR; };
		B4859BA029F40C5700B51A87 /* KonteynerKentYonetimiUITests.swift */ = {isa = PBXFileReference; lastKnownFileType = sourcecode.swift; path = KonteynerKentYonetimiUITests.swift; sourceTree = "<group>"; };
		B4859BA229F40C5700B51A87 /* KonteynerKentYonetimiUITestsLaunchTests.swift */ = {isa = PBXFileReference; lastKnownFileType = sourcecode.swift; path = KonteynerKentYonetimiUITestsLaunchTests.swift; sourceTree = "<group>"; };
		B4859BAF29F40E8600B51A87 /* GoogleService-Info.plist */ = {isa = PBXFileReference; fileEncoding = 4; lastKnownFileType = text.plist.xml; path = "GoogleService-Info.plist"; sourceTree = "<group>"; };
/* End PBXFileReference section */

/* Begin PBXFrameworksBuildPhase section */
		B4859B7929F40C5600B51A87 /* Frameworks */ = {
			isa = PBXFrameworksBuildPhase;
			buildActionMask = 2147483647;
			files = (
				B4859BB529F40FBD00B51A87 /* FirebaseAnalyticsSwift in Frameworks */,
				B4859BB929F40FBD00B51A87 /* FirebaseCrashlytics in Frameworks */,
				B4859BB729F40FBD00B51A87 /* FirebaseAuth in Frameworks */,
				B4859BBF29F40FBD00B51A87 /* FirebaseFirestoreSwift in Frameworks */,
				B4859BBD29F40FBD00B51A87 /* FirebaseFirestoreCombine-Community in Frameworks */,
				B4859BC129F40FBD00B51A87 /* FirebaseStorage in Frameworks */,
				B4859BBB29F40FBD00B51A87 /* FirebaseFirestore in Frameworks */,
				B4859BC329F40FBD00B51A87 /* FirebaseStorageCombine-Community in Frameworks */,
				B4859BB329F40FBD00B51A87 /* FirebaseAnalytics in Frameworks */,
			);
			runOnlyForDeploymentPostprocessing = 0;
		};
		B4859B8F29F40C5700B51A87 /* Frameworks */ = {
			isa = PBXFrameworksBuildPhase;
			buildActionMask = 2147483647;
			files = (
			);
			runOnlyForDeploymentPostprocessing = 0;
		};
		B4859B9929F40C5700B51A87 /* Frameworks */ = {
			isa = PBXFrameworksBuildPhase;
			buildActionMask = 2147483647;
			files = (
			);
			runOnlyForDeploymentPostprocessing = 0;
		};
/* End PBXFrameworksBuildPhase section */

/* Begin PBXGroup section */
		B4859B7329F40C5600B51A87 = {
			isa = PBXGroup;
			children = (
				B4859B7E29F40C5600B51A87 /* KonteynerKentYonetimi */,
				B4859B9529F40C5700B51A87 /* KonteynerKentYonetimiTests */,
				B4859B9F29F40C5700B51A87 /* KonteynerKentYonetimiUITests */,
				B4859B7D29F40C5600B51A87 /* Products */,
			);
			sourceTree = "<group>";
		};
		B4859B7D29F40C5600B51A87 /* Products */ = {
			isa = PBXGroup;
			children = (
				B4859B7C29F40C5600B51A87 /* KonteynerKentYonetimi.app */,
				B4859B9229F40C5700B51A87 /* KonteynerKentYonetimiTests.xctest */,
				B4859B9C29F40C5700B51A87 /* KonteynerKentYonetimiUITests.xctest */,
			);
			name = Products;
			sourceTree = "<group>";
		};
		B4859B7E29F40C5600B51A87 /* KonteynerKentYonetimi */ = {
			isa = PBXGroup;
			children = (
				B4859BC429F419B000B51A87 /* OtherFiles */,
				B4859B7F29F40C5600B51A87 /* AppDelegate.swift */,
				B4859B8129F40C5600B51A87 /* SceneDelegate.swift */,
				B4859B8329F40C5600B51A87 /* ViewController.swift */,
				B4859B8529F40C5600B51A87 /* Main.storyboard */,
				B4859B8829F40C5600B51A87 /* Assets.xcassets */,
				B4859B8A29F40C5600B51A87 /* LaunchScreen.storyboard */,
				B4859B8D29F40C5600B51A87 /* Info.plist */,
				B4859BAF29F40E8600B51A87 /* GoogleService-Info.plist */,
			);
			path = KonteynerKentYonetimi;
			sourceTree = "<group>";
		};
		B4859B9529F40C5700B51A87 /* KonteynerKentYonetimiTests */ = {
			isa = PBXGroup;
			children = (
				B4859B9629F40C5700B51A87 /* KonteynerKentYonetimiTests.swift */,
			);
			path = KonteynerKentYonetimiTests;
			sourceTree = "<group>";
		};
		B4859B9F29F40C5700B51A87 /* KonteynerKentYonetimiUITests */ = {
			isa = PBXGroup;
			children = (
				B4859BA029F40C5700B51A87 /* KonteynerKentYonetimiUITests.swift */,
				B4859BA229F40C5700B51A87 /* KonteynerKentYonetimiUITestsLaunchTests.swift */,
			);
			path = KonteynerKentYonetimiUITests;
			sourceTree = "<group>";
		};
		B4859BC429F419B000B51A87 /* OtherFiles */ = {
			isa = PBXGroup;
			children = (
			);
			path = OtherFiles;
			sourceTree = "<group>";
		};
/* End PBXGroup section */

/* Begin PBXNativeTarget section */
		B4859B7B29F40C5600B51A87 /* KonteynerKentYonetimi */ = {
			isa = PBXNativeTarget;
			buildConfigurationList = B4859BA629F40C5700B51A87 /* Build configuration list for PBXNativeTarget "KonteynerKentYonetimi" */;
			buildPhases = (
				B4859B7829F40C5600B51A87 /* Sources */,
				B4859B7929F40C5600B51A87 /* Frameworks */,
				B4859B7A29F40C5600B51A87 /* Resources */,
			);
			buildRules = (
			);
			dependencies = (
			);
			name = KonteynerKentYonetimi;
			packageProductDependencies = (
				B4859BB229F40FBD00B51A87 /* FirebaseAnalytics */,
				B4859BB429F40FBD00B51A87 /* FirebaseAnalyticsSwift */,
				B4859BB629F40FBD00B51A87 /* FirebaseAuth */,
				B4859BB829F40FBD00B51A87 /* FirebaseCrashlytics */,
				B4859BBA29F40FBD00B51A87 /* FirebaseFirestore */,
				B4859BBC29F40FBD00B51A87 /* FirebaseFirestoreCombine-Community */,
				B4859BBE29F40FBD00B51A87 /* FirebaseFirestoreSwift */,
				B4859BC029F40FBD00B51A87 /* FirebaseStorage */,
				B4859BC229F40FBD00B51A87 /* FirebaseStorageCombine-Community */,
			);
			productName = KonteynerKentYonetimi;
			productReference = B4859B7C29F40C5600B51A87 /* KonteynerKentYonetimi.app */;
			productType = "com.apple.product-type.application";
		};
		B4859B9129F40C5700B51A87 /* KonteynerKentYonetimiTests */ = {
			isa = PBXNativeTarget;
			buildConfigurationList = B4859BA929F40C5700B51A87 /* Build configuration list for PBXNativeTarget "KonteynerKentYonetimiTests" */;
			buildPhases = (
				B4859B8E29F40C5700B51A87 /* Sources */,
				B4859B8F29F40C5700B51A87 /* Frameworks */,
				B4859B9029F40C5700B51A87 /* Resources */,
			);
			buildRules = (
			);
			dependencies = (
				B4859B9429F40C5700B51A87 /* PBXTargetDependency */,
			);
			name = KonteynerKentYonetimiTests;
			productName = KonteynerKentYonetimiTests;
			productReference = B4859B9229F40C5700B51A87 /* KonteynerKentYonetimiTests.xctest */;
			productType = "com.apple.product-type.bundle.unit-test";
		};
		B4859B9B29F40C5700B51A87 /* KonteynerKentYonetimiUITests */ = {
			isa = PBXNativeTarget;
			buildConfigurationList = B4859BAC29F40C5700B51A87 /* Build configuration list for PBXNativeTarget "KonteynerKentYonetimiUITests" */;
			buildPhases = (
				B4859B9829F40C5700B51A87 /* Sources */,
				B4859B9929F40C5700B51A87 /* Frameworks */,
				B4859B9A29F40C5700B51A87 /* Resources */,
			);
			buildRules = (
			);
			dependencies = (
				B4859B9E29F40C5700B51A87 /* PBXTargetDependency */,
			);
			name = KonteynerKentYonetimiUITests;
			productName = KonteynerKentYonetimiUITests;
			productReference = B4859B9C29F40C5700B51A87 /* KonteynerKentYonetimiUITests.xctest */;
			productType = "com.apple.product-type.bundle.ui-testing";
		};
/* End PBXNativeTarget section */

/* Begin PBXProject section */
		B4859B7429F40C5600B51A87 /* Project object */ = {
			isa = PBXProject;
			attributes = {
				BuildIndependentTargetsInParallel = 1;
				LastSwiftUpdateCheck = 1430;
				LastUpgradeCheck = 1430;
				TargetAttributes = {
					B4859B7B29F40C5600B51A87 = {
						CreatedOnToolsVersion = 14.3;
					};
					B4859B9129F40C5700B51A87 = {
						CreatedOnToolsVersion = 14.3;
						TestTargetID = B4859B7B29F40C5600B51A87;
					};
					B4859B9B29F40C5700B51A87 = {
						CreatedOnToolsVersion = 14.3;
						TestTargetID = B4859B7B29F40C5600B51A87;
					};
				};
			};
			buildConfigurationList = B4859B7729F40C5600B51A87 /* Build configuration list for PBXProject "KonteynerKentYonetimi" */;
			compatibilityVersion = "Xcode 14.0";
			developmentRegion = en;
			hasScannedForEncodings = 0;
			knownRegions = (
				en,
				Base,
			);
			mainGroup = B4859B7329F40C5600B51A87;
			packageReferences = (
				B4859BB129F40FBD00B51A87 /* XCRemoteSwiftPackageReference "firebase-ios-sdk" */,
			);
			productRefGroup = B4859B7D29F40C5600B51A87 /* Products */;
			projectDirPath = "";
			projectRoot = "";
			targets = (
				B4859B7B29F40C5600B51A87 /* KonteynerKentYonetimi */,
				B4859B9129F40C5700B51A87 /* KonteynerKentYonetimiTests */,
				B4859B9B29F40C5700B51A87 /* KonteynerKentYonetimiUITests */,
			);
		};
/* End PBXProject section */

/* Begin PBXResourcesBuildPhase section */
		B4859B7A29F40C5600B51A87 /* Resources */ = {
			isa = PBXResourcesBuildPhase;
			buildActionMask = 2147483647;
			files = (
				B4859B8C29F40C5600B51A87 /* LaunchScreen.storyboard in Resources */,
				B4859BB029F40E8600B51A87 /* GoogleService-Info.plist in Resources */,
				B4859B8929F40C5600B51A87 /* Assets.xcassets in Resources */,
				B4859B8729F40C5600B51A87 /* Main.storyboard in Resources */,
			);
			runOnlyForDeploymentPostprocessing = 0;
		};
		B4859B9029F40C5700B51A87 /* Resources */ = {
			isa = PBXResourcesBuildPhase;
			buildActionMask = 2147483647;
			files = (
			);
			runOnlyForDeploymentPostprocessing = 0;
		};
		B4859B9A29F40C5700B51A87 /* Resources */ = {
			isa = PBXResourcesBuildPhase;
			buildActionMask = 2147483647;
			files = (
			);
			runOnlyForDeploymentPostprocessing = 0;
		};
/* End PBXResourcesBuildPhase section */

/* Begin PBXSourcesBuildPhase section */
		B4859B7829F40C5600B51A87 /* Sources */ = {
			isa = PBXSourcesBuildPhase;
			buildActionMask = 2147483647;
			files = (
				B4859B8429F40C5600B51A87 /* ViewController.swift in Sources */,
				B4859B8029F40C5600B51A87 /* AppDelegate.swift in Sources */,
				B4859B8229F40C5600B51A87 /* SceneDelegate.swift in Sources */,
			);
			runOnlyForDeploymentPostprocessing = 0;
		};
		B4859B8E29F40C5700B51A87 /* Sources */ = {
			isa = PBXSourcesBuildPhase;
			buildActionMask = 2147483647;
			files = (
				B4859B9729F40C5700B51A87 /* KonteynerKentYonetimiTests.swift in Sources */,
			);
			runOnlyForDeploymentPostprocessing = 0;
		};
		B4859B9829F40C5700B51A87 /* Sources */ = {
			isa = PBXSourcesBuildPhase;
			buildActionMask = 2147483647;
			files = (
				B4859BA329F40C5700B51A87 /* KonteynerKentYonetimiUITestsLaunchTests.swift in Sources */,
				B4859BA129F40C5700B51A87 /* KonteynerKentYonetimiUITests.swift in Sources */,
			);
			runOnlyForDeploymentPostprocessing = 0;
		};
/* End PBXSourcesBuildPhase section */

/* Begin PBXTargetDependency section */
		B4859B9429F40C5700B51A87 /* PBXTargetDependency */ = {
			isa = PBXTargetDependency;
			target = B4859B7B29F40C5600B51A87 /* KonteynerKentYonetimi */;
			targetProxy = B4859B9329F40C5700B51A87 /* PBXContainerItemProxy */;
		};
		B4859B9E29F40C5700B51A87 /* PBXTargetDependency */ = {
			isa = PBXTargetDependency;
			target = B4859B7B29F40C5600B51A87 /* KonteynerKentYonetimi */;
			targetProxy = B4859B9D29F40C5700B51A87 /* PBXContainerItemProxy */;
		};
/* End PBXTargetDependency section */

/* Begin PBXVariantGroup section */
		B4859B8529F40C5600B51A87 /* Main.storyboard */ = {
			isa = PBXVariantGroup;
			children = (
				B4859B8629F40C5600B51A87 /* Base */,
			);
			name = Main.storyboard;
			sourceTree = "<group>";
		};
		B4859B8A29F40C5600B51A87 /* LaunchScreen.storyboard */ = {
			isa = PBXVariantGroup;
			children = (
				B4859B8B29F40C5600B51A87 /* Base */,
			);
			name = LaunchScreen.storyboard;
			sourceTree = "<group>";
		};
/* End PBXVariantGroup section */

/* Begin XCBuildConfiguration section */
		B4859BA429F40C5700B51A87 /* Debug */ = {
			isa = XCBuildConfiguration;
			buildSettings = {
				ALWAYS_SEARCH_USER_PATHS = NO;
				CLANG_ANALYZER_NONNULL = YES;
				CLANG_ANALYZER_NUMBER_OBJECT_CONVERSION = YES_AGGRESSIVE;
				CLANG_CXX_LANGUAGE_STANDARD = "gnu++20";
				CLANG_ENABLE_MODULES = YES;
				CLANG_ENABLE_OBJC_ARC = YES;
				CLANG_ENABLE_OBJC_WEAK = YES;
				CLANG_WARN_BLOCK_CAPTURE_AUTORELEASING = YES;
				CLANG_WARN_BOOL_CONVERSION = YES;
				CLANG_WARN_COMMA = YES;
				CLANG_WARN_CONSTANT_CONVERSION = YES;
				CLANG_WARN_DEPRECATED_OBJC_IMPLEMENTATIONS = YES;
				CLANG_WARN_DIRECT_OBJC_ISA_USAGE = YES_ERROR;
				CLANG_WARN_DOCUMENTATION_COMMENTS = YES;
				CLANG_WARN_EMPTY_BODY = YES;
				CLANG_WARN_ENUM_CONVERSION = YES;
				CLANG_WARN_INFINITE_RECURSION = YES;
				CLANG_WARN_INT_CONVERSION = YES;
				CLANG_WARN_NON_LITERAL_NULL_CONVERSION = YES;
				CLANG_WARN_OBJC_IMPLICIT_RETAIN_SELF = YES;
				CLANG_WARN_OBJC_LITERAL_CONVERSION = YES;
				CLANG_WARN_OBJC_ROOT_CLASS = YES_ERROR;
				CLANG_WARN_QUOTED_INCLUDE_IN_FRAMEWORK_HEADER = YES;
				CLANG_WARN_RANGE_LOOP_ANALYSIS = YES;
				CLANG_WARN_STRICT_PROTOTYPES = YES;
				CLANG_WARN_SUSPICIOUS_MOVE = YES;
				CLANG_WARN_UNGUARDED_AVAILABILITY = YES_AGGRESSIVE;
				CLANG_WARN_UNREACHABLE_CODE = YES;
				CLANG_WARN__DUPLICATE_METHOD_MATCH = YES;
				COPY_PHASE_STRIP = NO;
				DEBUG_INFORMATION_FORMAT = dwarf;
				ENABLE_STRICT_OBJC_MSGSEND = YES;
				ENABLE_TESTABILITY = YES;
				GCC_C_LANGUAGE_STANDARD = gnu11;
				GCC_DYNAMIC_NO_PIC = NO;
				GCC_NO_COMMON_BLOCKS = YES;
				GCC_OPTIMIZATION_LEVEL = 0;
				GCC_PREPROCESSOR_DEFINITIONS = (
					"DEBUG=1",
					"$(inherited)",
				);
				GCC_WARN_64_TO_32_BIT_CONVERSION = YES;
				GCC_WARN_ABOUT_RETURN_TYPE = YES_ERROR;
				GCC_WARN_UNDECLARED_SELECTOR = YES;
				GCC_WARN_UNINITIALIZED_AUTOS = YES_AGGRESSIVE;
				GCC_WARN_UNUSED_FUNCTION = YES;
				GCC_WARN_UNUSED_VARIABLE = YES;
				IPHONEOS_DEPLOYMENT_TARGET = 16.4;
				MTL_ENABLE_DEBUG_INFO = INCLUDE_SOURCE;
				MTL_FAST_MATH = YES;
				ONLY_ACTIVE_ARCH = YES;
				SDKROOT = iphoneos;
				SWIFT_ACTIVE_COMPILATION_CONDITIONS = DEBUG;
				SWIFT_OPTIMIZATION_LEVEL = "-Onone";
			};
			name = Debug;
		};
		B4859BA529F40C5700B51A87 /* Release */ = {
			isa = XCBuildConfiguration;
			buildSettings = {
				ALWAYS_SEARCH_USER_PATHS = NO;
				CLANG_ANALYZER_NONNULL = YES;
				CLANG_ANALYZER_NUMBER_OBJECT_CONVERSION = YES_AGGRESSIVE;
				CLANG_CXX_LANGUAGE_STANDARD = "gnu++20";
				CLANG_ENABLE_MODULES = YES;
				CLANG_ENABLE_OBJC_ARC = YES;
				CLANG_ENABLE_OBJC_WEAK = YES;
				CLANG_WARN_BLOCK_CAPTURE_AUTORELEASING = YES;
				CLANG_WARN_BOOL_CONVERSION = YES;
				CLANG_WARN_COMMA = YES;
				CLANG_WARN_CONSTANT_CONVERSION = YES;
				CLANG_WARN_DEPRECATED_OBJC_IMPLEMENTATIONS = YES;
				CLANG_WARN_DIRECT_OBJC_ISA_USAGE = YES_ERROR;
				CLANG_WARN_DOCUMENTATION_COMMENTS = YES;
				CLANG_WARN_EMPTY_BODY = YES;
				CLANG_WARN_ENUM_CONVERSION = YES;
				CLANG_WARN_INFINITE_RECURSION = YES;
				CLANG_WARN_INT_CONVERSION = YES;
				CLANG_WARN_NON_LITERAL_NULL_CONVERSION = YES;
				CLANG_WARN_OBJC_IMPLICIT_RETAIN_SELF = YES;
				CLANG_WARN_OBJC_LITERAL_CONVERSION = YES;
				CLANG_WARN_OBJC_ROOT_CLASS = YES_ERROR;
				CLANG_WARN_QUOTED_INCLUDE_IN_FRAMEWORK_HEADER = YES;
				CLANG_WARN_RANGE_LOOP_ANALYSIS = YES;
				CLANG_WARN_STRICT_PROTOTYPES = YES;
				CLANG_WARN_SUSPICIOUS_MOVE = YES;
				CLANG_WARN_UNGUARDED_AVAILABILITY = YES_AGGRESSIVE;
				CLANG_WARN_UNREACHABLE_CODE = YES;
				CLANG_WARN__DUPLICATE_METHOD_MATCH = YES;
				COPY_PHASE_STRIP = NO;
				DEBUG_INFORMATION_FORMAT = "dwarf-with-dsym";
				ENABLE_NS_ASSERTIONS = NO;
				ENABLE_STRICT_OBJC_MSGSEND = YES;
				GCC_C_LANGUAGE_STANDARD = gnu11;
				GCC_NO_COMMON_BLOCKS = YES;
				GCC_WARN_64_TO_32_BIT_CONVERSION = YES;
				GCC_WARN_ABOUT_RETURN_TYPE = YES_ERROR;
				GCC_WARN_UNDECLARED_SELECTOR = YES;
				GCC_WARN_UNINITIALIZED_AUTOS = YES_AGGRESSIVE;
				GCC_WARN_UNUSED_FUNCTION = YES;
				GCC_WARN_UNUSED_VARIABLE = YES;
				IPHONEOS_DEPLOYMENT_TARGET = 16.4;
				MTL_ENABLE_DEBUG_INFO = NO;
				MTL_FAST_MATH = YES;
				SDKROOT = iphoneos;
				SWIFT_COMPILATION_MODE = wholemodule;
				SWIFT_OPTIMIZATION_LEVEL = "-O";
				VALIDATE_PRODUCT = YES;
			};
			name = Release;
		};
		B4859BA729F40C5700B51A87 /* Debug */ = {
			isa = XCBuildConfiguration;
			buildSettings = {
				ASSETCATALOG_COMPILER_APPICON_NAME = AppIcon;
				ASSETCATALOG_COMPILER_GLOBAL_ACCENT_COLOR_NAME = AccentColor;
				CODE_SIGN_STYLE = Automatic;
				CURRENT_PROJECT_VERSION = 1;
				DEVELOPMENT_TEAM = PM25M3S5KY;
				GENERATE_INFOPLIST_FILE = YES;
				INFOPLIST_FILE = KonteynerKentYonetimi/Info.plist;
				INFOPLIST_KEY_CFBundleDisplayName = "Afad Konteyner Kent Yönetimi";
				INFOPLIST_KEY_LSApplicationCategoryType = "public.app-category.business";
				INFOPLIST_KEY_UIApplicationSupportsIndirectInputEvents = YES;
				INFOPLIST_KEY_UILaunchStoryboardName = LaunchScreen;
				INFOPLIST_KEY_UIMainStoryboardFile = Main;
				INFOPLIST_KEY_UIRequiresFullScreen = YES;
				INFOPLIST_KEY_UIStatusBarStyle = UIStatusBarStyleDarkContent;
				INFOPLIST_KEY_UISupportedInterfaceOrientations = UIInterfaceOrientationPortrait;
				IPHONEOS_DEPLOYMENT_TARGET = 13.0;
				LD_RUNPATH_SEARCH_PATHS = (
					"$(inherited)",
					"@executable_path/Frameworks",
				);
				MARKETING_VERSION = 1.0;
				PRODUCT_BUNDLE_IDENTIFIER = com.aytacbulanik.KonteynerKentYonetimi;
				PRODUCT_NAME = "$(TARGET_NAME)";
				SWIFT_EMIT_LOC_STRINGS = YES;
				SWIFT_VERSION = 5.0;
				TARGETED_DEVICE_FAMILY = "1,2";
			};
			name = Debug;
		};
		B4859BA829F40C5700B51A87 /* Release */ = {
			isa = XCBuildConfiguration;
			buildSettings = {
				ASSETCATALOG_COMPILER_APPICON_NAME = AppIcon;
				ASSETCATALOG_COMPILER_GLOBAL_ACCENT_COLOR_NAME = AccentColor;
				CODE_SIGN_STYLE = Automatic;
				CURRENT_PROJECT_VERSION = 1;
				DEVELOPMENT_TEAM = PM25M3S5KY;
				GENERATE_INFOPLIST_FILE = YES;
				INFOPLIST_FILE = KonteynerKentYonetimi/Info.plist;
				INFOPLIST_KEY_CFBundleDisplayName = "Afad Konteyner Kent Yönetimi";
				INFOPLIST_KEY_LSApplicationCategoryType = "public.app-category.business";
				INFOPLIST_KEY_UIApplicationSupportsIndirectInputEvents = YES;
				INFOPLIST_KEY_UILaunchStoryboardName = LaunchScreen;
				INFOPLIST_KEY_UIMainStoryboardFile = Main;
				INFOPLIST_KEY_UIRequiresFullScreen = YES;
				INFOPLIST_KEY_UIStatusBarStyle = UIStatusBarStyleDarkContent;
				INFOPLIST_KEY_UISupportedInterfaceOrientations = UIInterfaceOrientationPortrait;
				IPHONEOS_DEPLOYMENT_TARGET = 13.0;
				LD_RUNPATH_SEARCH_PATHS = (
					"$(inherited)",
					"@executable_path/Frameworks",
				);
				MARKETING_VERSION = 1.0;
				PRODUCT_BUNDLE_IDENTIFIER = com.aytacbulanik.KonteynerKentYonetimi;
				PRODUCT_NAME = "$(TARGET_NAME)";
				SWIFT_EMIT_LOC_STRINGS = YES;
				SWIFT_VERSION = 5.0;
				TARGETED_DEVICE_FAMILY = "1,2";
			};
			name = Release;
		};
		B4859BAA29F40C5700B51A87 /* Debug */ = {
			isa = XCBuildConfiguration;
			buildSettings = {
				ALWAYS_EMBED_SWIFT_STANDARD_LIBRARIES = YES;
				BUNDLE_LOADER = "$(TEST_HOST)";
				CODE_SIGN_STYLE = Automatic;
				CURRENT_PROJECT_VERSION = 1;
				DEVELOPMENT_TEAM = PM25M3S5KY;
				GENERATE_INFOPLIST_FILE = YES;
				IPHONEOS_DEPLOYMENT_TARGET = 16.4;
				MARKETING_VERSION = 1.0;
				PRODUCT_BUNDLE_IDENTIFIER = com.aytacbulanik.KonteynerKentYonetimiTests;
				PRODUCT_NAME = "$(TARGET_NAME)";
				SWIFT_EMIT_LOC_STRINGS = NO;
				SWIFT_VERSION = 5.0;
				TARGETED_DEVICE_FAMILY = "1,2";
				TEST_HOST = "$(BUILT_PRODUCTS_DIR)/KonteynerKentYonetimi.app/$(BUNDLE_EXECUTABLE_FOLDER_PATH)/KonteynerKentYonetimi";
			};
			name = Debug;
		};
		B4859BAB29F40C5700B51A87 /* Release */ = {
			isa = XCBuildConfiguration;
			buildSettings = {
				ALWAYS_EMBED_SWIFT_STANDARD_LIBRARIES = YES;
				BUNDLE_LOADER = "$(TEST_HOST)";
				CODE_SIGN_STYLE = Automatic;
				CURRENT_PROJECT_VERSION = 1;
				DEVELOPMENT_TEAM = PM25M3S5KY;
				GENERATE_INFOPLIST_FILE = YES;
				IPHONEOS_DEPLOYMENT_TARGET = 16.4;
				MARKETING_VERSION = 1.0;
				PRODUCT_BUNDLE_IDENTIFIER = com.aytacbulanik.KonteynerKentYonetimiTests;
				PRODUCT_NAME = "$(TARGET_NAME)";
				SWIFT_EMIT_LOC_STRINGS = NO;
				SWIFT_VERSION = 5.0;
				TARGETED_DEVICE_FAMILY = "1,2";
				TEST_HOST = "$(BUILT_PRODUCTS_DIR)/KonteynerKentYonetimi.app/$(BUNDLE_EXECUTABLE_FOLDER_PATH)/KonteynerKentYonetimi";
			};
			name = Release;
		};
		B4859BAD29F40C5700B51A87 /* Debug */ = {
			isa = XCBuildConfiguration;
			buildSettings = {
				ALWAYS_EMBED_SWIFT_STANDARD_LIBRARIES = YES;
				CODE_SIGN_STYLE = Automatic;
				CURRENT_PROJECT_VERSION = 1;
				DEVELOPMENT_TEAM = PM25M3S5KY;
				GENERATE_INFOPLIST_FILE = YES;
				MARKETING_VERSION = 1.0;
				PRODUCT_BUNDLE_IDENTIFIER = com.aytacbulanik.KonteynerKentYonetimiUITests;
				PRODUCT_NAME = "$(TARGET_NAME)";
				SWIFT_EMIT_LOC_STRINGS = NO;
				SWIFT_VERSION = 5.0;
				TARGETED_DEVICE_FAMILY = "1,2";
				TEST_TARGET_NAME = KonteynerKentYonetimi;
			};
			name = Debug;
		};
		B4859BAE29F40C5700B51A87 /* Release */ = {
			isa = XCBuildConfiguration;
			buildSettings = {
				ALWAYS_EMBED_SWIFT_STANDARD_LIBRARIES = YES;
				CODE_SIGN_STYLE = Automatic;
				CURRENT_PROJECT_VERSION = 1;
				DEVELOPMENT_TEAM = PM25M3S5KY;
				GENERATE_INFOPLIST_FILE = YES;
				MARKETING_VERSION = 1.0;
				PRODUCT_BUNDLE_IDENTIFIER = com.aytacbulanik.KonteynerKentYonetimiUITests;
				PRODUCT_NAME = "$(TARGET_NAME)";
				SWIFT_EMIT_LOC_STRINGS = NO;
				SWIFT_VERSION = 5.0;
				TARGETED_DEVICE_FAMILY = "1,2";
				TEST_TARGET_NAME = KonteynerKentYonetimi;
			};
			name = Release;
		};
/* End XCBuildConfiguration section */

/* Begin XCConfigurationList section */
		B4859B7729F40C5600B51A87 /* Build configuration list for PBXProject "KonteynerKentYonetimi" */ = {
			isa = XCConfigurationList;
			buildConfigurations = (
				B4859BA429F40C5700B51A87 /* Debug */,
				B4859BA529F40C5700B51A87 /* Release */,
			);
			defaultConfigurationIsVisible = 0;
			defaultConfigurationName = Release;
		};
		B4859BA629F40C5700B51A87 /* Build configuration list for PBXNativeTarget "KonteynerKentYonetimi" */ = {
			isa = XCConfigurationList;
			buildConfigurations = (
				B4859BA729F40C5700B51A87 /* Debug */,
				B4859BA829F40C5700B51A87 /* Release */,
			);
			defaultConfigurationIsVisible = 0;
			defaultConfigurationName = Release;
		};
		B4859BA929F40C5700B51A87 /* Build configuration list for PBXNativeTarget "KonteynerKentYonetimiTests" */ = {
			isa = XCConfigurationList;
			buildConfigurations = (
				B4859BAA29F40C5700B51A87 /* Debug */,
				B4859BAB29F40C5700B51A87 /* Release */,
			);
			defaultConfigurationIsVisible = 0;
			defaultConfigurationName = Release;
		};
		B4859BAC29F40C5700B51A87 /* Build configuration list for PBXNativeTarget "KonteynerKentYonetimiUITests" */ = {
			isa = XCConfigurationList;
			buildConfigurations = (
				B4859BAD29F40C5700B51A87 /* Debug */,
				B4859BAE29F40C5700B51A87 /* Release */,
			);
			defaultConfigurationIsVisible = 0;
			defaultConfigurationName = Release;
		};
/* End XCConfigurationList section */

/* Begin XCRemoteSwiftPackageReference section */
		B4859BB129F40FBD00B51A87 /* XCRemoteSwiftPackageReference "firebase-ios-sdk" */ = {
			isa = XCRemoteSwiftPackageReference;
			repositoryURL = "https://github.com/firebase/firebase-ios-sdk";
			requirement = {
				kind = upToNextMajorVersion;
				minimumVersion = 10.0.0;
			};
		};
/* End XCRemoteSwiftPackageReference section */

/* Begin XCSwiftPackageProductDependency section */
		B4859BB229F40FBD00B51A87 /* FirebaseAnalytics */ = {
			isa = XCSwiftPackageProductDependency;
			package = B4859BB129F40FBD00B51A87 /* XCRemoteSwiftPackageReference "firebase-ios-sdk" */;
			productName = FirebaseAnalytics;
		};
		B4859BB429F40FBD00B51A87 /* FirebaseAnalyticsSwift */ = {
			isa = XCSwiftPackageProductDependency;
			package = B4859BB129F40FBD00B51A87 /* XCRemoteSwiftPackageReference "firebase-ios-sdk" */;
			productName = FirebaseAnalyticsSwift;
		};
		B4859BB629F40FBD00B51A87 /* FirebaseAuth */ = {
			isa = XCSwiftPackageProductDependency;
			package = B4859BB129F40FBD00B51A87 /* XCRemoteSwiftPackageReference "firebase-ios-sdk" */;
			productName = FirebaseAuth;
		};
		B4859BB829F40FBD00B51A87 /* FirebaseCrashlytics */ = {
			isa = XCSwiftPackageProductDependency;
			package = B4859BB129F40FBD00B51A87 /* XCRemoteSwiftPackageReference "firebase-ios-sdk" */;
			productName = FirebaseCrashlytics;
		};
		B4859BBA29F40FBD00B51A87 /* FirebaseFirestore */ = {
			isa = XCSwiftPackageProductDependency;
			package = B4859BB129F40FBD00B51A87 /* XCRemoteSwiftPackageReference "firebase-ios-sdk" */;
			productName = FirebaseFirestore;
		};
		B4859BBC29F40FBD00B51A87 /* FirebaseFirestoreCombine-Community */ = {
			isa = XCSwiftPackageProductDependency;
			package = B4859BB129F40FBD00B51A87 /* XCRemoteSwiftPackageReference "firebase-ios-sdk" */;
			productName = "FirebaseFirestoreCombine-Community";
		};
		B4859BBE29F40FBD00B51A87 /* FirebaseFirestoreSwift */ = {
			isa = XCSwiftPackageProductDependency;
			package = B4859BB129F40FBD00B51A87 /* XCRemoteSwiftPackageReference "firebase-ios-sdk" */;
			productName = FirebaseFirestoreSwift;
		};
		B4859BC029F40FBD00B51A87 /* FirebaseStorage */ = {
			isa = XCSwiftPackageProductDependency;
			package = B4859BB129F40FBD00B51A87 /* XCRemoteSwiftPackageReference "firebase-ios-sdk" */;
			productName = FirebaseStorage;
		};
		B4859BC229F40FBD00B51A87 /* FirebaseStorageCombine-Community */ = {
			isa = XCSwiftPackageProductDependency;
			package = B4859BB129F40FBD00B51A87 /* XCRemoteSwiftPackageReference "firebase-ios-sdk" */;
			productName = "FirebaseStorageCombine-Community";
		};
/* End XCSwiftPackageProductDependency section */
	};
	rootObject = B4859B7429F40C5600B51A87 /* Project object */;
}
